
Microsoft Visual Studio Solution File, Format Version 12.00
# Visual Studio Version 16
VisualStudioVersion = 16.0.29509.3
MinimumVisualStudioVersion = 10.0.40219.1
Project("{8BC9CEB8-8B4A-11D0-8D11-00A0C91BC942}") = "CLinkList", "CLinkList.vcxproj", "{FD79CC63-186D-4191-9F80-ACCD3FB232D4}"
EndProject
Global
	GlobalSection(SolutionConfigurationPlatforms) = preSolution
		Debug|x64 = Debug|x64
		Debug|x86 = Debug|x86
		Release|x64 = Release|x64
		Release|x86 = Release|x86
	EndGlobalSection
	GlobalSection(ProjectConfigurationPlatforms) = postSolution
		{FD79CC63-186D-4191-9F80-ACCD3FB232D4}.Debug|x64.ActiveCfg = Debug|x64
		{FD79CC63-186D-4191-9F80-ACCD3FB232D4}.Debug|x64.Build.0 = Debug|x64
		{FD79CC63-186D-4191-9F80-ACCD3FB232D4}.Debug|x86.ActiveCfg = Debug|Win32
		{FD79CC63-186D-4191-9F80-ACCD3FB232D4}.Debug|x86.Build.0 = Debug|Win32
		{FD79CC63-186D-4191-9F80-ACCD3FB232D4}.Release|x64.ActiveCfg = Release|x64
		{FD79CC63-186D-4191-9F80-ACCD3FB232D4}.Release|x64.Build.0 = Release|x64
		{FD79CC63-186D-4191-9F80-ACCD3FB232D4}.Release|x86.ActiveCfg = Release|Win32
		{FD79CC63-186D-4191-9F80-ACCD3FB232D4}.Release|x86.Build.0 = Release|Win32
	EndGlobalSection
	GlobalSection(SolutionProperties) = preSolution
		HideSolutionNode = FALSE
	EndGlobalSection
	GlobalSection(ExtensibilityGlobals) = postSolution
		SolutionGuid = {53BCEDCC-9FB9-41C2-A911-2057BA99CE27}
	EndGlobalSection
EndGlobal
